
Microsoft Visual Studio Solution File, Format Version 12.00
# Visual Studio 15
VisualStudioVersion = 15.0.27703.2042
MinimumVisualStudioVersion = 10.0.40219.1
Project("{FAE04EC0-301F-11D3-BF4B-00C04F79EFBC}") = "SEGISweb", "SEGISweb\SEGISweb.csproj", "{5246D629-99B2-40DB-9F56-8B5AB4207795}"
EndProject
Project("{FAE04EC0-301F-11D3-BF4B-00C04F79EFBC}") = "SEGISweb.Tests", "SEGISweb.Tests\SEGISweb.Tests.csproj", "{0835B273-535B-4B5D-9013-B1218EC93347}"
EndProject
Global
	GlobalSection(SolutionConfigurationPlatforms) = preSolution
		Debug|Any CPU = Debug|Any CPU
		Release|Any CPU = Release|Any CPU
	EndGlobalSection
	GlobalSection(ProjectConfigurationPlatforms) = postSolution
		{5246D629-99B2-40DB-9F56-8B5AB4207795}.Debug|Any CPU.ActiveCfg = Debug|Any CPU
		{5246D629-99B2-40DB-9F56-8B5AB4207795}.Debug|Any CPU.Build.0 = Debug|Any CPU
		{5246D629-99B2-40DB-9F56-8B5AB4207795}.Release|Any CPU.ActiveCfg = Release|Any CPU
		{5246D629-99B2-40DB-9F56-8B5AB4207795}.Release|Any CPU.Build.0 = Release|Any CPU
		{0835B273-535B-4B5D-9013-B1218EC93347}.Debug|Any CPU.ActiveCfg = Debug|Any CPU
		{0835B273-535B-4B5D-9013-B1218EC93347}.Debug|Any CPU.Build.0 = Debug|Any CPU
		{0835B273-535B-4B5D-9013-B1218EC93347}.Release|Any CPU.ActiveCfg = Release|Any CPU
		{0835B273-535B-4B5D-9013-B1218EC93347}.Release|Any CPU.Build.0 = Release|Any CPU
	EndGlobalSection
	GlobalSection(SolutionProperties) = preSolution
		HideSolutionNode = FALSE
	EndGlobalSection
	GlobalSection(ExtensibilityGlobals) = postSolution
		SolutionGuid = {1E5760C7-C7BE-4CFD-B903-5FEB76E580A3}
	EndGlobalSection
EndGlobal
